// !$*UTF8*$!
{
	archiveVersion = 1;
	classes = {
	};
	objectVersion = 56;
	objects = {

/* Begin PBXBuildFile section */
		610B181929B48E0800337F0E /* LinkPreview.swift in Sources */ = {isa = PBXBuildFile; fileRef = 610B181829B48E0800337F0E /* LinkPreview.swift */; };
		610B181B29B48E0800337F0E /* LinkPreview.swift in Sources */ = {isa = PBXBuildFile; fileRef = 610B181829B48E0800337F0E /* LinkPreview.swift */; };
		610B181D29B5A33900337F0E /* ChatData.swift in Sources */ = {isa = PBXBuildFile; fileRef = 610B181C29B5A33900337F0E /* ChatData.swift */; };
		610B181F29B5A33900337F0E /* ChatData.swift in Sources */ = {isa = PBXBuildFile; fileRef = 610B181C29B5A33900337F0E /* ChatData.swift */; };
		61183DC22BF5C768000A6532 /* Migrations.swift in Sources */ = {isa = PBXBuildFile; fileRef = 61183DC12BF5C768000A6532 /* Migrations.swift */; };
		611A5FAE29967BA600E28A56 /* View+fixContextFlicker.swift in Sources */ = {isa = PBXBuildFile; fileRef = 611A5FAD29967BA600E28A56 /* View+fixContextFlicker.swift */; };
		611A5FB029967BA600E28A56 /* View+fixContextFlicker.swift in Sources */ = {isa = PBXBuildFile; fileRef = 611A5FAD29967BA600E28A56 /* View+fixContextFlicker.swift */; };
		6123749A2A22D691005C55C5 /* View+hidingTitleBackground.swift in Sources */ = {isa = PBXBuildFile; fileRef = 612374992A22D691005C55C5 /* View+hidingTitleBackground.swift */; };
		6123749B2A22D691005C55C5 /* View+hidingTitleBackground.swift in Sources */ = {isa = PBXBuildFile; fileRef = 612374992A22D691005C55C5 /* View+hidingTitleBackground.swift */; };
		614B806429E162BF00A861B8 /* BubbleAccent.swift in Sources */ = {isa = PBXBuildFile; fileRef = 614B806329E162BF00A861B8 /* BubbleAccent.swift */; };
		614B806529E162BF00A861B8 /* BubbleAccent.swift in Sources */ = {isa = PBXBuildFile; fileRef = 614B806329E162BF00A861B8 /* BubbleAccent.swift */; };
		614DA2B92997DBDF00EFC91C /* AppDelegate.swift in Sources */ = {isa = PBXBuildFile; fileRef = 614DA2B82997DBDF00EFC91C /* AppDelegate.swift */; };
		614DA2BA2997DBDF00EFC91C /* AppDelegate.swift in Sources */ = {isa = PBXBuildFile; fileRef = 614DA2B82997DBDF00EFC91C /* AppDelegate.swift */; };
		614DA2BB2997DBDF00EFC91C /* AppDelegate.swift in Sources */ = {isa = PBXBuildFile; fileRef = 614DA2B82997DBDF00EFC91C /* AppDelegate.swift */; };
		614DA2BD2997F25D00EFC91C /* ChatsToolbarView.swift in Sources */ = {isa = PBXBuildFile; fileRef = 614DA2BC2997F25D00EFC91C /* ChatsToolbarView.swift */; };
		614DA2BF2997F25D00EFC91C /* ChatsToolbarView.swift in Sources */ = {isa = PBXBuildFile; fileRef = 614DA2BC2997F25D00EFC91C /* ChatsToolbarView.swift */; };
		614DA2CB2998586E00EFC91C /* InfoPage.swift in Sources */ = {isa = PBXBuildFile; fileRef = 614DA2CA2998586E00EFC91C /* InfoPage.swift */; };
		614DA2CD29987A8A00EFC91C /* ModelSettingsView.swift in Sources */ = {isa = PBXBuildFile; fileRef = 614DA2CC29987A8A00EFC91C /* ModelSettingsView.swift */; };
		614DA2CF29987A8A00EFC91C /* ModelSettingsView.swift in Sources */ = {isa = PBXBuildFile; fileRef = 614DA2CC29987A8A00EFC91C /* ModelSettingsView.swift */; };
		6153E7C52992A2E400427F85 /* WaitingIndicator.swift in Sources */ = {isa = PBXBuildFile; fileRef = 6153E7C42992A2E400427F85 /* WaitingIndicator.swift */; };
		6153E7C62992A2E400427F85 /* WaitingIndicator.swift in Sources */ = {isa = PBXBuildFile; fileRef = 6153E7C42992A2E400427F85 /* WaitingIndicator.swift */; };
		615F40B929D131BE00E9E5E0 /* ThreadsPage.swift in Sources */ = {isa = PBXBuildFile; fileRef = 615F40B829D131BE00E9E5E0 /* ThreadsPage.swift */; };
		615F40BA29D131BE00E9E5E0 /* ThreadsPage.swift in Sources */ = {isa = PBXBuildFile; fileRef = 615F40B829D131BE00E9E5E0 /* ThreadsPage.swift */; };
		615F40BC29D17C9A00E9E5E0 /* ThreadsPageBackground.swift in Sources */ = {isa = PBXBuildFile; fileRef = 615F40BB29D17C9A00E9E5E0 /* ThreadsPageBackground.swift */; };
		615F40BD29D17C9A00E9E5E0 /* ThreadsPageBackground.swift in Sources */ = {isa = PBXBuildFile; fileRef = 615F40BB29D17C9A00E9E5E0 /* ThreadsPageBackground.swift */; };
		6161E5BA29D11CF500B0DCF7 /* ChatRequestHandler.swift in Sources */ = {isa = PBXBuildFile; fileRef = 617D0052295F8BD500A7D2A5 /* ChatRequestHandler.swift */; };
		6161E5BB29D11D0500B0DCF7 /* InfoPage.swift in Sources */ = {isa = PBXBuildFile; fileRef = 614DA2CA2998586E00EFC91C /* InfoPage.swift */; };
		6161E5C329D11E2700B0DCF7 /* Splash in Frameworks */ = {isa = PBXBuildFile; productRef = 6161E5C229D11E2700B0DCF7 /* Splash */; };
		6161E5C529D11E2F00B0DCF7 /* Introspect in Frameworks */ = {isa = PBXBuildFile; productRef = 6161E5C429D11E2F00B0DCF7 /* Introspect */; };
		6161E5C729D11E3200B0DCF7 /* MarkdownUI in Frameworks */ = {isa = PBXBuildFile; productRef = 6161E5C629D11E3200B0DCF7 /* MarkdownUI */; };
		617C252B29D10987007AA9E5 /* ChatThreadData.swift in Sources */ = {isa = PBXBuildFile; fileRef = 617C252A29D10987007AA9E5 /* ChatThreadData.swift */; };
		617C252D29D10987007AA9E5 /* ChatThreadData.swift in Sources */ = {isa = PBXBuildFile; fileRef = 617C252A29D10987007AA9E5 /* ChatThreadData.swift */; };
		617C253829D117DE007AA9E5 /* ChatThread+CoreDataClass.swift in Sources */ = {isa = PBXBuildFile; fileRef = 617C253629D117DE007AA9E5 /* ChatThread+CoreDataClass.swift */; };
		617C253A29D117DE007AA9E5 /* ChatThread+CoreDataClass.swift in Sources */ = {isa = PBXBuildFile; fileRef = 617C253629D117DE007AA9E5 /* ChatThread+CoreDataClass.swift */; };
		617C253B29D117DE007AA9E5 /* ChatThread+CoreDataProperties.swift in Sources */ = {isa = PBXBuildFile; fileRef = 617C253729D117DE007AA9E5 /* ChatThread+CoreDataProperties.swift */; };
		617C253D29D117DE007AA9E5 /* ChatThread+CoreDataProperties.swift in Sources */ = {isa = PBXBuildFile; fileRef = 617C253729D117DE007AA9E5 /* ChatThread+CoreDataProperties.swift */; };
		617D0028295F8B3D00A7D2A5 /* DialogueApp.swift in Sources */ = {isa = PBXBuildFile; fileRef = 617D0027295F8B3D00A7D2A5 /* DialogueApp.swift */; };
		617D002A295F8B3D00A7D2A5 /* ContentView.swift in Sources */ = {isa = PBXBuildFile; fileRef = 617D0029295F8B3D00A7D2A5 /* ContentView.swift */; };
		617D002C295F8B3D00A7D2A5 /* Assets.xcassets in Resources */ = {isa = PBXBuildFile; fileRef = 617D002B295F8B3D00A7D2A5 /* Assets.xcassets */; };
		617D0030295F8B3D00A7D2A5 /* Preview Assets.xcassets in Resources */ = {isa = PBXBuildFile; fileRef = 617D002F295F8B3D00A7D2A5 /* Preview Assets.xcassets */; };
		617D0044295F8B3E00A7D2A5 /* DialogueUITests.swift in Sources */ = {isa = PBXBuildFile; fileRef = 617D0043295F8B3E00A7D2A5 /* DialogueUITests.swift */; };
		617D0046295F8B3E00A7D2A5 /* DialogueUITestsLaunchTests.swift in Sources */ = {isa = PBXBuildFile; fileRef = 617D0045295F8B3E00A7D2A5 /* DialogueUITestsLaunchTests.swift */; };
		617D0053295F8BD500A7D2A5 /* ChatRequestHandler.swift in Sources */ = {isa = PBXBuildFile; fileRef = 617D0052295F8BD500A7D2A5 /* ChatRequestHandler.swift */; };
		617D0059295FAA4700A7D2A5 /* apikey.env in Resources */ = {isa = PBXBuildFile; fileRef = 617D0055295FA14600A7D2A5 /* apikey.env */; };
		617D005A295FAA4700A7D2A5 /* apikey.env in Resources */ = {isa = PBXBuildFile; fileRef = 617D0055295FA14600A7D2A5 /* apikey.env */; };
		617D005B295FAA4800A7D2A5 /* apikey.env in Resources */ = {isa = PBXBuildFile; fileRef = 617D0055295FA14600A7D2A5 /* apikey.env */; };
		6194BFCE299B05D300E667D1 /* Introspect in Frameworks */ = {isa = PBXBuildFile; productRef = 6194BFCD299B05D300E667D1 /* Introspect */; };
		619C45DF29B3852300D3C77B /* ChatPage.swift in Sources */ = {isa = PBXBuildFile; fileRef = 619C45DE29B3852300D3C77B /* ChatPage.swift */; };
		619C45E129B3852300D3C77B /* ChatPage.swift in Sources */ = {isa = PBXBuildFile; fileRef = 619C45DE29B3852300D3C77B /* ChatPage.swift */; };
		61A374EB29D2DA01006A0256 /* EmptyChatPage.swift in Sources */ = {isa = PBXBuildFile; fileRef = 61A374EA29D2DA01006A0256 /* EmptyChatPage.swift */; };
		61A374EC29D2DA01006A0256 /* EmptyChatPage.swift in Sources */ = {isa = PBXBuildFile; fileRef = 61A374EA29D2DA01006A0256 /* EmptyChatPage.swift */; };
		61B91324299AD835009B8E7A /* EmptyChat.swift in Sources */ = {isa = PBXBuildFile; fileRef = 61B91323299AD835009B8E7A /* EmptyChat.swift */; };
		61B91326299AD835009B8E7A /* EmptyChat.swift in Sources */ = {isa = PBXBuildFile; fileRef = 61B91323299AD835009B8E7A /* EmptyChat.swift */; };
		61CA0F102992C5C400BFC448 /* View+keyboardAdaptive.swift in Sources */ = {isa = PBXBuildFile; fileRef = 61CA0F0F2992C5C400BFC448 /* View+keyboardAdaptive.swift */; };
		61CA0F122992C5C400BFC448 /* View+keyboardAdaptive.swift in Sources */ = {isa = PBXBuildFile; fileRef = 61CA0F0F2992C5C400BFC448 /* View+keyboardAdaptive.swift */; };
		61CA0F182992DB7600BFC448 /* ChatLog.swift in Sources */ = {isa = PBXBuildFile; fileRef = 61CA0F172992DB7600BFC448 /* ChatLog.swift */; };
		61CA0F1A2992DB7600BFC448 /* ChatLog.swift in Sources */ = {isa = PBXBuildFile; fileRef = 61CA0F172992DB7600BFC448 /* ChatLog.swift */; };
		61CA0F1C2992DC2D00BFC448 /* AskView.swift in Sources */ = {isa = PBXBuildFile; fileRef = 61CA0F1B2992DC2D00BFC448 /* AskView.swift */; };
		61CA0F1E2992DC2D00BFC448 /* AskView.swift in Sources */ = {isa = PBXBuildFile; fileRef = 61CA0F1B2992DC2D00BFC448 /* AskView.swift */; };
		61CA0F202992E2FA00BFC448 /* Haptics.swift in Sources */ = {isa = PBXBuildFile; fileRef = 61CA0F1F2992E2FA00BFC448 /* Haptics.swift */; };
		61CA0F222992E2FA00BFC448 /* Haptics.swift in Sources */ = {isa = PBXBuildFile; fileRef = 61CA0F1F2992E2FA00BFC448 /* Haptics.swift */; };
		61DD9A5D29EDC38C00B20ECC /* CopyCodeButton.swift in Sources */ = {isa = PBXBuildFile; fileRef = 61DD9A5C29EDC38C00B20ECC /* CopyCodeButton.swift */; };
		61DD9A5E29EDC38C00B20ECC /* CopyCodeButton.swift in Sources */ = {isa = PBXBuildFile; fileRef = 61DD9A5C29EDC38C00B20ECC /* CopyCodeButton.swift */; };
		61DD9A6029EDC48200B20ECC /* Clipboard.swift in Sources */ = {isa = PBXBuildFile; fileRef = 61DD9A5F29EDC48200B20ECC /* Clipboard.swift */; };
		61DD9A6129EDC48200B20ECC /* Clipboard.swift in Sources */ = {isa = PBXBuildFile; fileRef = 61DD9A5F29EDC48200B20ECC /* Clipboard.swift */; };
		61E369922993A201005210B1 /* ChatDivider.swift in Sources */ = {isa = PBXBuildFile; fileRef = 61E369912993A201005210B1 /* ChatDivider.swift */; };
		61E369942993A201005210B1 /* ChatDivider.swift in Sources */ = {isa = PBXBuildFile; fileRef = 61E369912993A201005210B1 /* ChatDivider.swift */; };
		61EF678A29B091FD00C77813 /* View+alwaysPopover.swift in Sources */ = {isa = PBXBuildFile; fileRef = 61EF678929B091FD00C77813 /* View+alwaysPopover.swift */; };
		61EF678C29B091FD00C77813 /* View+alwaysPopover.swift in Sources */ = {isa = PBXBuildFile; fileRef = 61EF678929B091FD00C77813 /* View+alwaysPopover.swift */; };
		61EF679629B0C94500C77813 /* MarkdownUI in Frameworks */ = {isa = PBXBuildFile; productRef = 61EF679529B0C94500C77813 /* MarkdownUI */; };
		61EF679929B0CF6600C77813 /* Splash in Frameworks */ = {isa = PBXBuildFile; productRef = 61EF679829B0CF6600C77813 /* Splash */; };
		61EF679B29B0CF6600C77813 /* SplashMarkdown in Frameworks */ = {isa = PBXBuildFile; productRef = 61EF679A29B0CF6600C77813 /* SplashMarkdown */; };
		61EF679D29B0CF6600C77813 /* SplashTokenizer in Frameworks */ = {isa = PBXBuildFile; productRef = 61EF679C29B0CF6600C77813 /* SplashTokenizer */; };
		61EF679F29B0D2FF00C77813 /* CodeHighlighter.swift in Sources */ = {isa = PBXBuildFile; fileRef = 61EF679E29B0D2FF00C77813 /* CodeHighlighter.swift */; };
		61EF67A129B0D2FF00C77813 /* CodeHighlighter.swift in Sources */ = {isa = PBXBuildFile; fileRef = 61EF679E29B0D2FF00C77813 /* CodeHighlighter.swift */; };
		61EF67A429B0DEBF00C77813 /* Theme+Gruvbox.swift in Sources */ = {isa = PBXBuildFile; fileRef = 61EF67A329B0DEBF00C77813 /* Theme+Gruvbox.swift */; };
		61EF67A629B0DEBF00C77813 /* Theme+Gruvbox.swift in Sources */ = {isa = PBXBuildFile; fileRef = 61EF67A329B0DEBF00C77813 /* Theme+Gruvbox.swift */; };
		61F21DDE299236B400C3DACC /* Persistence.swift in Sources */ = {isa = PBXBuildFile; fileRef = 61F21DDD299236B400C3DACC /* Persistence.swift */; };
		61F21DE0299236B400C3DACC /* Persistence.swift in Sources */ = {isa = PBXBuildFile; fileRef = 61F21DDD299236B400C3DACC /* Persistence.swift */; };
		61F21DE32992377800C3DACC /* Dialogue.xcdatamodeld in Sources */ = {isa = PBXBuildFile; fileRef = 61F21DE12992377800C3DACC /* Dialogue.xcdatamodeld */; };
		61F21DE52992377800C3DACC /* Dialogue.xcdatamodeld in Sources */ = {isa = PBXBuildFile; fileRef = 61F21DE12992377800C3DACC /* Dialogue.xcdatamodeld */; };
		61F21DE9299240E100C3DACC /* PopStyle.swift in Sources */ = {isa = PBXBuildFile; fileRef = 61F21DE8299240E100C3DACC /* PopStyle.swift */; };
		61F21DEB299240E100C3DACC /* PopStyle.swift in Sources */ = {isa = PBXBuildFile; fileRef = 61F21DE8299240E100C3DACC /* PopStyle.swift */; };
		61F21DEE2992454700C3DACC /* Color+isDark.swift in Sources */ = {isa = PBXBuildFile; fileRef = 61F21DED2992454700C3DACC /* Color+isDark.swift */; };
		61F21DEF2992454700C3DACC /* Color+isDark.swift in Sources */ = {isa = PBXBuildFile; fileRef = 61F21DED2992454700C3DACC /* Color+isDark.swift */; };
		61F21DF02992454700C3DACC /* Color+isDark.swift in Sources */ = {isa = PBXBuildFile; fileRef = 61F21DED2992454700C3DACC /* Color+isDark.swift */; };
		61F21DF2299245CE00C3DACC /* Color+hex.swift in Sources */ = {isa = PBXBuildFile; fileRef = 61F21DF1299245CE00C3DACC /* Color+hex.swift */; };
		61F21DF3299245CE00C3DACC /* Color+hex.swift in Sources */ = {isa = PBXBuildFile; fileRef = 61F21DF1299245CE00C3DACC /* Color+hex.swift */; };
		61F21DF4299245CE00C3DACC /* Color+hex.swift in Sources */ = {isa = PBXBuildFile; fileRef = 61F21DF1299245CE00C3DACC /* Color+hex.swift */; };
		61F21DFE29924AA100C3DACC /* ChatView.swift in Sources */ = {isa = PBXBuildFile; fileRef = 61F21DFD29924AA100C3DACC /* ChatView.swift */; };
		61F21E0029924AA100C3DACC /* ChatView.swift in Sources */ = {isa = PBXBuildFile; fileRef = 61F21DFD29924AA100C3DACC /* ChatView.swift */; };
		61FA14182B33217800460A85 /* ThreadCell.swift in Sources */ = {isa = PBXBuildFile; fileRef = 61FA14172B33217800460A85 /* ThreadCell.swift */; };
		61FA14192B33217800460A85 /* ThreadCell.swift in Sources */ = {isa = PBXBuildFile; fileRef = 61FA14172B33217800460A85 /* ThreadCell.swift */; };
/* End PBXBuildFile section */

/* Begin PBXContainerItemProxy section */
		617D0036295F8B3E00A7D2A5 /* PBXContainerItemProxy */ = {
			isa = PBXContainerItemProxy;
			containerPortal = 617D001C295F8B3D00A7D2A5 /* Project object */;
			proxyType = 1;
			remoteGlobalIDString = 617D0023295F8B3D00A7D2A5;
			remoteInfo = Dialogue;
		};
		617D0040295F8B3E00A7D2A5 /* PBXContainerItemProxy */ = {
			isa = PBXContainerItemProxy;
			containerPortal = 617D001C295F8B3D00A7D2A5 /* Project object */;
			proxyType = 1;
			remoteGlobalIDString = 617D0023295F8B3D00A7D2A5;
			remoteInfo = Dialogue;
		};
/* End PBXContainerItemProxy section */

/* Begin PBXFileReference section */
		610B181829B48E0800337F0E /* LinkPreview.swift */ = {isa = PBXFileReference; lastKnownFileType = sourcecode.swift; path = LinkPreview.swift; sourceTree = "<group>"; };
		610B181C29B5A33900337F0E /* ChatData.swift */ = {isa = PBXFileReference; lastKnownFileType = sourcecode.swift; path = ChatData.swift; sourceTree = "<group>"; };
		61183DC12BF5C768000A6532 /* Migrations.swift */ = {isa = PBXFileReference; fileEncoding = 4; lastKnownFileType = sourcecode.swift; path = Migrations.swift; sourceTree = "<group>"; };
		611A5FAD29967BA600E28A56 /* View+fixContextFlicker.swift */ = {isa = PBXFileReference; lastKnownFileType = sourcecode.swift; path = "View+fixContextFlicker.swift"; sourceTree = "<group>"; };
		612374992A22D691005C55C5 /* View+hidingTitleBackground.swift */ = {isa = PBXFileReference; lastKnownFileType = sourcecode.swift; path = "View+hidingTitleBackground.swift"; sourceTree = "<group>"; };
		614B806329E162BF00A861B8 /* BubbleAccent.swift */ = {isa = PBXFileReference; lastKnownFileType = sourcecode.swift; path = BubbleAccent.swift; sourceTree = "<group>"; };
		614DA2B82997DBDF00EFC91C /* AppDelegate.swift */ = {isa = PBXFileReference; lastKnownFileType = sourcecode.swift; path = AppDelegate.swift; sourceTree = "<group>"; };
		614DA2BC2997F25D00EFC91C /* ChatsToolbarView.swift */ = {isa = PBXFileReference; lastKnownFileType = sourcecode.swift; path = ChatsToolbarView.swift; sourceTree = "<group>"; };
		614DA2CA2998586E00EFC91C /* InfoPage.swift */ = {isa = PBXFileReference; lastKnownFileType = sourcecode.swift; path = InfoPage.swift; sourceTree = "<group>"; };
		614DA2CC29987A8A00EFC91C /* ModelSettingsView.swift */ = {isa = PBXFileReference; lastKnownFileType = sourcecode.swift; path = ModelSettingsView.swift; sourceTree = "<group>"; };
		6153E7C42992A2E400427F85 /* WaitingIndicator.swift */ = {isa = PBXFileReference; lastKnownFileType = sourcecode.swift; path = WaitingIndicator.swift; sourceTree = "<group>"; };
		615F40B829D131BE00E9E5E0 /* ThreadsPage.swift */ = {isa = PBXFileReference; lastKnownFileType = sourcecode.swift; path = ThreadsPage.swift; sourceTree = "<group>"; };
		615F40BB29D17C9A00E9E5E0 /* ThreadsPageBackground.swift */ = {isa = PBXFileReference; lastKnownFileType = sourcecode.swift; path = ThreadsPageBackground.swift; sourceTree = "<group>"; };
		617C252A29D10987007AA9E5 /* ChatThreadData.swift */ = {isa = PBXFileReference; lastKnownFileType = sourcecode.swift; path = ChatThreadData.swift; sourceTree = "<group>"; };
		617C253629D117DE007AA9E5 /* ChatThread+CoreDataClass.swift */ = {isa = PBXFileReference; lastKnownFileType = sourcecode.swift; path = "ChatThread+CoreDataClass.swift"; sourceTree = "<group>"; };
		617C253729D117DE007AA9E5 /* ChatThread+CoreDataProperties.swift */ = {isa = PBXFileReference; lastKnownFileType = sourcecode.swift; path = "ChatThread+CoreDataProperties.swift"; sourceTree = "<group>"; };
		617D0024295F8B3D00A7D2A5 /* Dialogue.app */ = {isa = PBXFileReference; explicitFileType = wrapper.application; includeInIndex = 0; path = Dialogue.app; sourceTree = BUILT_PRODUCTS_DIR; };
		617D0027295F8B3D00A7D2A5 /* DialogueApp.swift */ = {isa = PBXFileReference; lastKnownFileType = sourcecode.swift; path = DialogueApp.swift; sourceTree = "<group>"; };
		617D0029295F8B3D00A7D2A5 /* ContentView.swift */ = {isa = PBXFileReference; lastKnownFileType = sourcecode.swift; path = ContentView.swift; sourceTree = "<group>"; };
		617D002B295F8B3D00A7D2A5 /* Assets.xcassets */ = {isa = PBXFileReference; lastKnownFileType = folder.assetcatalog; path = Assets.xcassets; sourceTree = "<group>"; };
		617D002D295F8B3D00A7D2A5 /* Dialogue.entitlements */ = {isa = PBXFileReference; lastKnownFileType = text.plist.entitlements; path = Dialogue.entitlements; sourceTree = "<group>"; };
		617D002F295F8B3D00A7D2A5 /* Preview Assets.xcassets */ = {isa = PBXFileReference; lastKnownFileType = folder.assetcatalog; path = "Preview Assets.xcassets"; sourceTree = "<group>"; };
		617D0035295F8B3E00A7D2A5 /* DialogueTests.xctest */ = {isa = PBXFileReference; explicitFileType = wrapper.cfbundle; includeInIndex = 0; path = DialogueTests.xctest; sourceTree = BUILT_PRODUCTS_DIR; };
		617D0039295F8B3E00A7D2A5 /* DialogueTests.swift */ = {isa = PBXFileReference; lastKnownFileType = sourcecode.swift; path = DialogueTests.swift; sourceTree = "<group>"; };
		617D003F295F8B3E00A7D2A5 /* DialogueUITests.xctest */ = {isa = PBXFileReference; explicitFileType = wrapper.cfbundle; includeInIndex = 0; path = DialogueUITests.xctest; sourceTree = BUILT_PRODUCTS_DIR; };
		617D0043295F8B3E00A7D2A5 /* DialogueUITests.swift */ = {isa = PBXFileReference; lastKnownFileType = sourcecode.swift; path = DialogueUITests.swift; sourceTree = "<group>"; };
		617D0045295F8B3E00A7D2A5 /* DialogueUITestsLaunchTests.swift */ = {isa = PBXFileReference; lastKnownFileType = sourcecode.swift; path = DialogueUITestsLaunchTests.swift; sourceTree = "<group>"; };
		617D0052295F8BD500A7D2A5 /* ChatRequestHandler.swift */ = {isa = PBXFileReference; lastKnownFileType = sourcecode.swift; path = ChatRequestHandler.swift; sourceTree = "<group>"; };
		617D0055295FA14600A7D2A5 /* apikey.env */ = {isa = PBXFileReference; lastKnownFileType = text; path = apikey.env; sourceTree = "<group>"; };
		619C45DE29B3852300D3C77B /* ChatPage.swift */ = {isa = PBXFileReference; lastKnownFileType = sourcecode.swift; path = ChatPage.swift; sourceTree = "<group>"; };
		61A374EA29D2DA01006A0256 /* EmptyChatPage.swift */ = {isa = PBXFileReference; lastKnownFileType = sourcecode.swift; path = EmptyChatPage.swift; sourceTree = "<group>"; };
		61B91323299AD835009B8E7A /* EmptyChat.swift */ = {isa = PBXFileReference; lastKnownFileType = sourcecode.swift; path = EmptyChat.swift; sourceTree = "<group>"; };
		61BA184229B3C6060008DA97 /* ci_pre_xcodebuild.sh */ = {isa = PBXFileReference; lastKnownFileType = text.script.sh; path = ci_pre_xcodebuild.sh; sourceTree = "<group>"; };
		61CA0F0F2992C5C400BFC448 /* View+keyboardAdaptive.swift */ = {isa = PBXFileReference; lastKnownFileType = sourcecode.swift; path = "View+keyboardAdaptive.swift"; sourceTree = "<group>"; };
		61CA0F172992DB7600BFC448 /* ChatLog.swift */ = {isa = PBXFileReference; lastKnownFileType = sourcecode.swift; path = ChatLog.swift; sourceTree = "<group>"; };
		61CA0F1B2992DC2D00BFC448 /* AskView.swift */ = {isa = PBXFileReference; lastKnownFileType = sourcecode.swift; path = AskView.swift; sourceTree = "<group>"; };
		61CA0F1F2992E2FA00BFC448 /* Haptics.swift */ = {isa = PBXFileReference; lastKnownFileType = sourcecode.swift; path = Haptics.swift; sourceTree = "<group>"; };
		61DD9A5C29EDC38C00B20ECC /* CopyCodeButton.swift */ = {isa = PBXFileReference; lastKnownFileType = sourcecode.swift; path = CopyCodeButton.swift; sourceTree = "<group>"; };
		61DD9A5F29EDC48200B20ECC /* Clipboard.swift */ = {isa = PBXFileReference; lastKnownFileType = sourcecode.swift; name = Clipboard.swift; path = Dialogue/Helpers/Clipboard.swift; sourceTree = SOURCE_ROOT; };
		61E369912993A201005210B1 /* ChatDivider.swift */ = {isa = PBXFileReference; lastKnownFileType = sourcecode.swift; path = ChatDivider.swift; sourceTree = "<group>"; };
		61EF678929B091FD00C77813 /* View+alwaysPopover.swift */ = {isa = PBXFileReference; lastKnownFileType = sourcecode.swift; path = "View+alwaysPopover.swift"; sourceTree = "<group>"; };
		61EF679E29B0D2FF00C77813 /* CodeHighlighter.swift */ = {isa = PBXFileReference; lastKnownFileType = sourcecode.swift; path = CodeHighlighter.swift; sourceTree = "<group>"; };
		61EF67A329B0DEBF00C77813 /* Theme+Gruvbox.swift */ = {isa = PBXFileReference; lastKnownFileType = sourcecode.swift; path = "Theme+Gruvbox.swift"; sourceTree = "<group>"; };
		61F21DDD299236B400C3DACC /* Persistence.swift */ = {isa = PBXFileReference; lastKnownFileType = sourcecode.swift; path = Persistence.swift; sourceTree = "<group>"; };
		61F21DE22992377800C3DACC /* Dialogue.xcdatamodel */ = {isa = PBXFileReference; lastKnownFileType = wrapper.xcdatamodel; path = Dialogue.xcdatamodel; sourceTree = "<group>"; };
		61F21DE629923B7400C3DACC /* Info.plist */ = {isa = PBXFileReference; lastKnownFileType = text.plist; path = Info.plist; sourceTree = "<group>"; };
		61F21DE8299240E100C3DACC /* PopStyle.swift */ = {isa = PBXFileReference; lastKnownFileType = sourcecode.swift; path = PopStyle.swift; sourceTree = "<group>"; };
		61F21DED2992454700C3DACC /* Color+isDark.swift */ = {isa = PBXFileReference; lastKnownFileType = sourcecode.swift; path = "Color+isDark.swift"; sourceTree = "<group>"; };
		61F21DF1299245CE00C3DACC /* Color+hex.swift */ = {isa = PBXFileReference; lastKnownFileType = sourcecode.swift; path = "Color+hex.swift"; sourceTree = "<group>"; };
		61F21DFD29924AA100C3DACC /* ChatView.swift */ = {isa = PBXFileReference; lastKnownFileType = sourcecode.swift; path = ChatView.swift; sourceTree = "<group>"; };
		61FA14172B33217800460A85 /* ThreadCell.swift */ = {isa = PBXFileReference; lastKnownFileType = sourcecode.swift; path = ThreadCell.swift; sourceTree = "<group>"; };
/* End PBXFileReference section */

/* Begin PBXFrameworksBuildPhase section */
		617D0021295F8B3D00A7D2A5 /* Frameworks */ = {
			isa = PBXFrameworksBuildPhase;
			buildActionMask = 2147483647;
			files = (
				61EF679B29B0CF6600C77813 /* SplashMarkdown in Frameworks */,
				6194BFCE299B05D300E667D1 /* Introspect in Frameworks */,
				61EF679D29B0CF6600C77813 /* SplashTokenizer in Frameworks */,
				61EF679629B0C94500C77813 /* MarkdownUI in Frameworks */,
				61EF679929B0CF6600C77813 /* Splash in Frameworks */,
			);
			runOnlyForDeploymentPostprocessing = 0;
		};
		617D0032295F8B3E00A7D2A5 /* Frameworks */ = {
			isa = PBXFrameworksBuildPhase;
			buildActionMask = 2147483647;
			files = (
			);
			runOnlyForDeploymentPostprocessing = 0;
		};
		617D003C295F8B3E00A7D2A5 /* Frameworks */ = {
			isa = PBXFrameworksBuildPhase;
			buildActionMask = 2147483647;
			files = (
				6161E5C729D11E3200B0DCF7 /* MarkdownUI in Frameworks */,
				6161E5C329D11E2700B0DCF7 /* Splash in Frameworks */,
				6161E5C529D11E2F00B0DCF7 /* Introspect in Frameworks */,
			);
			runOnlyForDeploymentPostprocessing = 0;
		};
/* End PBXFrameworksBuildPhase section */

/* Begin PBXGroup section */
		6161E5C129D11E2700B0DCF7 /* Frameworks */ = {
			isa = PBXGroup;
			children = (
			);
			name = Frameworks;
			sourceTree = "<group>";
		};
		617D001B295F8B3D00A7D2A5 = {
			isa = PBXGroup;
			children = (
				61BA184129B3C5D30008DA97 /* ci_scripts */,
				617D0026295F8B3D00A7D2A5 /* Dialogue */,
				617D0038295F8B3E00A7D2A5 /* DialogueTests */,
				617D0042295F8B3E00A7D2A5 /* DialogueUITests */,
				617D0025295F8B3D00A7D2A5 /* Products */,
				6161E5C129D11E2700B0DCF7 /* Frameworks */,
			);
			sourceTree = "<group>";
		};
		617D0025295F8B3D00A7D2A5 /* Products */ = {
			isa = PBXGroup;
			children = (
				617D0024295F8B3D00A7D2A5 /* Dialogue.app */,
				617D0035295F8B3E00A7D2A5 /* DialogueTests.xctest */,
				617D003F295F8B3E00A7D2A5 /* DialogueUITests.xctest */,
			);
			name = Products;
			sourceTree = "<group>";
		};
		617D0026295F8B3D00A7D2A5 /* Dialogue */ = {
			isa = PBXGroup;
			children = (
				61F21DE629923B7400C3DACC /* Info.plist */,
				617D0027295F8B3D00A7D2A5 /* DialogueApp.swift */,
				614DA2B82997DBDF00EFC91C /* AppDelegate.swift */,
				617D0029295F8B3D00A7D2A5 /* ContentView.swift */,
				615F40B829D131BE00E9E5E0 /* ThreadsPage.swift */,
				619C45DE29B3852300D3C77B /* ChatPage.swift */,
				61CA0F172992DB7600BFC448 /* ChatLog.swift */,
				61F21DFD29924AA100C3DACC /* ChatView.swift */,
				61CA0F1B2992DC2D00BFC448 /* AskView.swift */,
				61EF67A229B0DCC600C77813 /* Model */,
				61F21DE7299240B300C3DACC /* Helpers */,
				61F21DEC2992452C00C3DACC /* Extensions */,
				61F21DE12992377800C3DACC /* Dialogue.xcdatamodeld */,
				617D0055295FA14600A7D2A5 /* apikey.env */,
				617D002B295F8B3D00A7D2A5 /* Assets.xcassets */,
				617D002D295F8B3D00A7D2A5 /* Dialogue.entitlements */,
				617D002E295F8B3D00A7D2A5 /* Preview Content */,
			);
			path = Dialogue;
			sourceTree = "<group>";
		};
		617D002E295F8B3D00A7D2A5 /* Preview Content */ = {
			isa = PBXGroup;
			children = (
				617D002F295F8B3D00A7D2A5 /* Preview Assets.xcassets */,
			);
			path = "Preview Content";
			sourceTree = "<group>";
		};
		617D0038295F8B3E00A7D2A5 /* DialogueTests */ = {
			isa = PBXGroup;
			children = (
				617D0039295F8B3E00A7D2A5 /* DialogueTests.swift */,
			);
			path = DialogueTests;
			sourceTree = "<group>";
		};
		617D0042295F8B3E00A7D2A5 /* DialogueUITests */ = {
			isa = PBXGroup;
			children = (
				617D0043295F8B3E00A7D2A5 /* DialogueUITests.swift */,
				617D0045295F8B3E00A7D2A5 /* DialogueUITestsLaunchTests.swift */,
			);
			path = DialogueUITests;
			sourceTree = "<group>";
		};
		61BA184129B3C5D30008DA97 /* ci_scripts */ = {
			isa = PBXGroup;
			children = (
				61BA184229B3C6060008DA97 /* ci_pre_xcodebuild.sh */,
			);
			path = ci_scripts;
			sourceTree = "<group>";
		};
		61EF67A229B0DCC600C77813 /* Model */ = {
			isa = PBXGroup;
			children = (
				61F21DDD299236B400C3DACC /* Persistence.swift */,
				610B181C29B5A33900337F0E /* ChatData.swift */,
				617C252A29D10987007AA9E5 /* ChatThreadData.swift */,
				617C253629D117DE007AA9E5 /* ChatThread+CoreDataClass.swift */,
				617C253729D117DE007AA9E5 /* ChatThread+CoreDataProperties.swift */,
			);
			path = Model;
			sourceTree = "<group>";
		};
		61F21DE7299240B300C3DACC /* Helpers */ = {
			isa = PBXGroup;
			children = (
				61183DC12BF5C768000A6532 /* Migrations.swift */,
				617D0052295F8BD500A7D2A5 /* ChatRequestHandler.swift */,
				614DA2BC2997F25D00EFC91C /* ChatsToolbarView.swift */,
				614DA2CC29987A8A00EFC91C /* ModelSettingsView.swift */,
				614DA2CA2998586E00EFC91C /* InfoPage.swift */,
				61FA14172B33217800460A85 /* ThreadCell.swift */,
				6153E7C42992A2E400427F85 /* WaitingIndicator.swift */,
				615F40BB29D17C9A00E9E5E0 /* ThreadsPageBackground.swift */,
				61B91323299AD835009B8E7A /* EmptyChat.swift */,
				61A374EA29D2DA01006A0256 /* EmptyChatPage.swift */,
				61E369912993A201005210B1 /* ChatDivider.swift */,
				614B806329E162BF00A861B8 /* BubbleAccent.swift */,
				61F21DE8299240E100C3DACC /* PopStyle.swift */,
				61CA0F1F2992E2FA00BFC448 /* Haptics.swift */,
				61DD9A5F29EDC48200B20ECC /* Clipboard.swift */,
				61EF679E29B0D2FF00C77813 /* CodeHighlighter.swift */,
				61DD9A5C29EDC38C00B20ECC /* CopyCodeButton.swift */,
				610B181829B48E0800337F0E /* LinkPreview.swift */,
			);
			path = Helpers;
			sourceTree = "<group>";
		};
		61F21DEC2992452C00C3DACC /* Extensions */ = {
			isa = PBXGroup;
			children = (
				61F21DED2992454700C3DACC /* Color+isDark.swift */,
				61EF67A329B0DEBF00C77813 /* Theme+Gruvbox.swift */,
				61F21DF1299245CE00C3DACC /* Color+hex.swift */,
				61CA0F0F2992C5C400BFC448 /* View+keyboardAdaptive.swift */,
				611A5FAD29967BA600E28A56 /* View+fixContextFlicker.swift */,
				612374992A22D691005C55C5 /* View+hidingTitleBackground.swift */,
				61EF678929B091FD00C77813 /* View+alwaysPopover.swift */,
			);
			path = Extensions;
			sourceTree = "<group>";
		};
/* End PBXGroup section */

/* Begin PBXNativeTarget section */
		617D0023295F8B3D00A7D2A5 /* Dialogue */ = {
			isa = PBXNativeTarget;
			buildConfigurationList = 617D0049295F8B3E00A7D2A5 /* Build configuration list for PBXNativeTarget "Dialogue" */;
			buildPhases = (
				617D0020295F8B3D00A7D2A5 /* Sources */,
				617D0021295F8B3D00A7D2A5 /* Frameworks */,
				617D0022295F8B3D00A7D2A5 /* Resources */,
			);
			buildRules = (
			);
			dependencies = (
			);
			name = Dialogue;
			packageProductDependencies = (
				6194BFCD299B05D300E667D1 /* Introspect */,
				61EF679529B0C94500C77813 /* MarkdownUI */,
				61EF679829B0CF6600C77813 /* Splash */,
				61EF679A29B0CF6600C77813 /* SplashMarkdown */,
				61EF679C29B0CF6600C77813 /* SplashTokenizer */,
			);
			productName = Dialogue;
			productReference = 617D0024295F8B3D00A7D2A5 /* Dialogue.app */;
			productType = "com.apple.product-type.application";
		};
		617D0034295F8B3E00A7D2A5 /* DialogueTests */ = {
			isa = PBXNativeTarget;
			buildConfigurationList = 617D004C295F8B3E00A7D2A5 /* Build configuration list for PBXNativeTarget "DialogueTests" */;
			buildPhases = (
				617D0031295F8B3E00A7D2A5 /* Sources */,
				617D0032295F8B3E00A7D2A5 /* Frameworks */,
				617D0033295F8B3E00A7D2A5 /* Resources */,
			);
			buildRules = (
			);
			dependencies = (
				617D0037295F8B3E00A7D2A5 /* PBXTargetDependency */,
			);
			name = DialogueTests;
			productName = DialogueTests;
			productReference = 617D0035295F8B3E00A7D2A5 /* DialogueTests.xctest */;
			productType = "com.apple.product-type.bundle.unit-test";
		};
		617D003E295F8B3E00A7D2A5 /* DialogueUITests */ = {
			isa = PBXNativeTarget;
			buildConfigurationList = 617D004F295F8B3E00A7D2A5 /* Build configuration list for PBXNativeTarget "DialogueUITests" */;
			buildPhases = (
				617D003B295F8B3E00A7D2A5 /* Sources */,
				617D003C295F8B3E00A7D2A5 /* Frameworks */,
				617D003D295F8B3E00A7D2A5 /* Resources */,
			);
			buildRules = (
			);
			dependencies = (
				617D0041295F8B3E00A7D2A5 /* PBXTargetDependency */,
			);
			name = DialogueUITests;
			packageProductDependencies = (
				6161E5C229D11E2700B0DCF7 /* Splash */,
				6161E5C429D11E2F00B0DCF7 /* Introspect */,
				6161E5C629D11E3200B0DCF7 /* MarkdownUI */,
			);
			productName = DialogueUITests;
			productReference = 617D003F295F8B3E00A7D2A5 /* DialogueUITests.xctest */;
			productType = "com.apple.product-type.bundle.ui-testing";
		};
/* End PBXNativeTarget section */

/* Begin PBXProject section */
		617D001C295F8B3D00A7D2A5 /* Project object */ = {
			isa = PBXProject;
			attributes = {
				BuildIndependentTargetsInParallel = 1;
				LastSwiftUpdateCheck = 1410;
				LastUpgradeCheck = 1500;
				TargetAttributes = {
					617D0023295F8B3D00A7D2A5 = {
						CreatedOnToolsVersion = 14.1;
					};
					617D0034295F8B3E00A7D2A5 = {
						CreatedOnToolsVersion = 14.1;
						TestTargetID = 617D0023295F8B3D00A7D2A5;
					};
					617D003E295F8B3E00A7D2A5 = {
						CreatedOnToolsVersion = 14.1;
						TestTargetID = 617D0023295F8B3D00A7D2A5;
					};
				};
			};
			buildConfigurationList = 617D001F295F8B3D00A7D2A5 /* Build configuration list for PBXProject "Dialogue" */;
			compatibilityVersion = "Xcode 14.0";
			developmentRegion = en;
			hasScannedForEncodings = 0;
			knownRegions = (
				en,
				Base,
			);
			mainGroup = 617D001B295F8B3D00A7D2A5;
			packageReferences = (
				6194BFCC299B05D300E667D1 /* XCRemoteSwiftPackageReference "SwiftUI-Introspect" */,
				61EF679429B0C94500C77813 /* XCRemoteSwiftPackageReference "swift-markdown-ui" */,
				61EF679729B0CF6600C77813 /* XCRemoteSwiftPackageReference "Splash" */,
			);
			productRefGroup = 617D0025295F8B3D00A7D2A5 /* Products */;
			projectDirPath = "";
			projectRoot = "";
			targets = (
				617D0023295F8B3D00A7D2A5 /* Dialogue */,
				617D0034295F8B3E00A7D2A5 /* DialogueTests */,
				617D003E295F8B3E00A7D2A5 /* DialogueUITests */,
			);
		};
/* End PBXProject section */

/* Begin PBXResourcesBuildPhase section */
		617D0022295F8B3D00A7D2A5 /* Resources */ = {
			isa = PBXResourcesBuildPhase;
			buildActionMask = 2147483647;
			files = (
				617D0030295F8B3D00A7D2A5 /* Preview Assets.xcassets in Resources */,
				617D0059295FAA4700A7D2A5 /* apikey.env in Resources */,
				617D002C295F8B3D00A7D2A5 /* Assets.xcassets in Resources */,
			);
			runOnlyForDeploymentPostprocessing = 0;
		};
		617D0033295F8B3E00A7D2A5 /* Resources */ = {
			isa = PBXResourcesBuildPhase;
			buildActionMask = 2147483647;
			files = (
				617D005A295FAA4700A7D2A5 /* apikey.env in Resources */,
			);
			runOnlyForDeploymentPostprocessing = 0;
		};
		617D003D295F8B3E00A7D2A5 /* Resources */ = {
			isa = PBXResourcesBuildPhase;
			buildActionMask = 2147483647;
			files = (
				617D005B295FAA4800A7D2A5 /* apikey.env in Resources */,
			);
			runOnlyForDeploymentPostprocessing = 0;
		};
/* End PBXResourcesBuildPhase section */

/* Begin PBXSourcesBuildPhase section */
		617D0020295F8B3D00A7D2A5 /* Sources */ = {
			isa = PBXSourcesBuildPhase;
			buildActionMask = 2147483647;
			files = (
				61DD9A5D29EDC38C00B20ECC /* CopyCodeButton.swift in Sources */,
				610B181D29B5A33900337F0E /* ChatData.swift in Sources */,
				61CA0F202992E2FA00BFC448 /* Haptics.swift in Sources */,
				617D002A295F8B3D00A7D2A5 /* ContentView.swift in Sources */,
				610B181929B48E0800337F0E /* LinkPreview.swift in Sources */,
				614DA2BD2997F25D00EFC91C /* ChatsToolbarView.swift in Sources */,
				614DA2CD29987A8A00EFC91C /* ModelSettingsView.swift in Sources */,
				61FA14182B33217800460A85 /* ThreadCell.swift in Sources */,
				61F21DF2299245CE00C3DACC /* Color+hex.swift in Sources */,
				61CA0F182992DB7600BFC448 /* ChatLog.swift in Sources */,
				61F21DFE29924AA100C3DACC /* ChatView.swift in Sources */,
				61F21DE9299240E100C3DACC /* PopStyle.swift in Sources */,
				617C253829D117DE007AA9E5 /* ChatThread+CoreDataClass.swift in Sources */,
				61B91324299AD835009B8E7A /* EmptyChat.swift in Sources */,
				61F21DDE299236B400C3DACC /* Persistence.swift in Sources */,
				614B806429E162BF00A861B8 /* BubbleAccent.swift in Sources */,
				61F21DE32992377800C3DACC /* Dialogue.xcdatamodeld in Sources */,
				615F40B929D131BE00E9E5E0 /* ThreadsPage.swift in Sources */,
				61F21DEE2992454700C3DACC /* Color+isDark.swift in Sources */,
				61DD9A6029EDC48200B20ECC /* Clipboard.swift in Sources */,
				61183DC22BF5C768000A6532 /* Migrations.swift in Sources */,
				61E369922993A201005210B1 /* ChatDivider.swift in Sources */,
				6123749A2A22D691005C55C5 /* View+hidingTitleBackground.swift in Sources */,
				61EF678A29B091FD00C77813 /* View+alwaysPopover.swift in Sources */,
				6153E7C52992A2E400427F85 /* WaitingIndicator.swift in Sources */,
				617C252B29D10987007AA9E5 /* ChatThreadData.swift in Sources */,
				614DA2B92997DBDF00EFC91C /* AppDelegate.swift in Sources */,
				61CA0F102992C5C400BFC448 /* View+keyboardAdaptive.swift in Sources */,
				61EF67A429B0DEBF00C77813 /* Theme+Gruvbox.swift in Sources */,
				617D0028295F8B3D00A7D2A5 /* DialogueApp.swift in Sources */,
				617C253B29D117DE007AA9E5 /* ChatThread+CoreDataProperties.swift in Sources */,
				619C45DF29B3852300D3C77B /* ChatPage.swift in Sources */,
				614DA2CB2998586E00EFC91C /* InfoPage.swift in Sources */,
				61CA0F1C2992DC2D00BFC448 /* AskView.swift in Sources */,
				617D0053295F8BD500A7D2A5 /* ChatRequestHandler.swift in Sources */,
				611A5FAE29967BA600E28A56 /* View+fixContextFlicker.swift in Sources */,
				61A374EB29D2DA01006A0256 /* EmptyChatPage.swift in Sources */,
				615F40BC29D17C9A00E9E5E0 /* ThreadsPageBackground.swift in Sources */,
				61EF679F29B0D2FF00C77813 /* CodeHighlighter.swift in Sources */,
			);
			runOnlyForDeploymentPostprocessing = 0;
		};
		617D0031295F8B3E00A7D2A5 /* Sources */ = {
			isa = PBXSourcesBuildPhase;
			buildActionMask = 2147483647;
			files = (
				61F21DEF2992454700C3DACC /* Color+isDark.swift in Sources */,
				614DA2BA2997DBDF00EFC91C /* AppDelegate.swift in Sources */,
				61F21DF3299245CE00C3DACC /* Color+hex.swift in Sources */,
			);
			runOnlyForDeploymentPostprocessing = 0;
		};
		617D003B295F8B3E00A7D2A5 /* Sources */ = {
			isa = PBXSourcesBuildPhase;
			buildActionMask = 2147483647;
			files = (
				61DD9A5E29EDC38C00B20ECC /* CopyCodeButton.swift in Sources */,
				61F21DE0299236B400C3DACC /* Persistence.swift in Sources */,
				61CA0F122992C5C400BFC448 /* View+keyboardAdaptive.swift in Sources */,
				614DA2BF2997F25D00EFC91C /* ChatsToolbarView.swift in Sources */,
				617D0046295F8B3E00A7D2A5 /* DialogueUITestsLaunchTests.swift in Sources */,
				61E369942993A201005210B1 /* ChatDivider.swift in Sources */,
				617C253D29D117DE007AA9E5 /* ChatThread+CoreDataProperties.swift in Sources */,
				61FA14192B33217800460A85 /* ThreadCell.swift in Sources */,
				61F21DEB299240E100C3DACC /* PopStyle.swift in Sources */,
				617C253A29D117DE007AA9E5 /* ChatThread+CoreDataClass.swift in Sources */,
				6161E5BA29D11CF500B0DCF7 /* ChatRequestHandler.swift in Sources */,
				619C45E129B3852300D3C77B /* ChatPage.swift in Sources */,
				617D0044295F8B3E00A7D2A5 /* DialogueUITests.swift in Sources */,
				61CA0F1E2992DC2D00BFC448 /* AskView.swift in Sources */,
				61CA0F1A2992DB7600BFC448 /* ChatLog.swift in Sources */,
				614B806529E162BF00A861B8 /* BubbleAccent.swift in Sources */,
				61EF67A629B0DEBF00C77813 /* Theme+Gruvbox.swift in Sources */,
				615F40BA29D131BE00E9E5E0 /* ThreadsPage.swift in Sources */,
				61B91326299AD835009B8E7A /* EmptyChat.swift in Sources */,
				61DD9A6129EDC48200B20ECC /* Clipboard.swift in Sources */,
				61CA0F222992E2FA00BFC448 /* Haptics.swift in Sources */,
				6123749B2A22D691005C55C5 /* View+hidingTitleBackground.swift in Sources */,
				617C252D29D10987007AA9E5 /* ChatThreadData.swift in Sources */,
				611A5FB029967BA600E28A56 /* View+fixContextFlicker.swift in Sources */,
				614DA2CF29987A8A00EFC91C /* ModelSettingsView.swift in Sources */,
				61EF678C29B091FD00C77813 /* View+alwaysPopover.swift in Sources */,
				6161E5BB29D11D0500B0DCF7 /* InfoPage.swift in Sources */,
				61F21E0029924AA100C3DACC /* ChatView.swift in Sources */,
				61EF67A129B0D2FF00C77813 /* CodeHighlighter.swift in Sources */,
				610B181F29B5A33900337F0E /* ChatData.swift in Sources */,
				6153E7C62992A2E400427F85 /* WaitingIndicator.swift in Sources */,
				61F21DE52992377800C3DACC /* Dialogue.xcdatamodeld in Sources */,
				610B181B29B48E0800337F0E /* LinkPreview.swift in Sources */,
				61F21DF02992454700C3DACC /* Color+isDark.swift in Sources */,
				614DA2BB2997DBDF00EFC91C /* AppDelegate.swift in Sources */,
				61A374EC29D2DA01006A0256 /* EmptyChatPage.swift in Sources */,
				615F40BD29D17C9A00E9E5E0 /* ThreadsPageBackground.swift in Sources */,
				61F21DF4299245CE00C3DACC /* Color+hex.swift in Sources */,
			);
			runOnlyForDeploymentPostprocessing = 0;
		};
/* End PBXSourcesBuildPhase section */

/* Begin PBXTargetDependency section */
		617D0037295F8B3E00A7D2A5 /* PBXTargetDependency */ = {
			isa = PBXTargetDependency;
			target = 617D0023295F8B3D00A7D2A5 /* Dialogue */;
			targetProxy = 617D0036295F8B3E00A7D2A5 /* PBXContainerItemProxy */;
		};
		617D0041295F8B3E00A7D2A5 /* PBXTargetDependency */ = {
			isa = PBXTargetDependency;
			target = 617D0023295F8B3D00A7D2A5 /* Dialogue */;
			targetProxy = 617D0040295F8B3E00A7D2A5 /* PBXContainerItemProxy */;
		};
/* End PBXTargetDependency section */

/* Begin XCBuildConfiguration section */
		617D0047295F8B3E00A7D2A5 /* Debug */ = {
			isa = XCBuildConfiguration;
			buildSettings = {
				ALWAYS_SEARCH_USER_PATHS = NO;
				CLANG_ANALYZER_NONNULL = YES;
				CLANG_ANALYZER_NUMBER_OBJECT_CONVERSION = YES_AGGRESSIVE;
				CLANG_CXX_LANGUAGE_STANDARD = "gnu++20";
				CLANG_ENABLE_MODULES = YES;
				CLANG_ENABLE_OBJC_ARC = YES;
				CLANG_ENABLE_OBJC_WEAK = YES;
				CLANG_WARN_BLOCK_CAPTURE_AUTORELEASING = YES;
				CLANG_WARN_BOOL_CONVERSION = YES;
				CLANG_WARN_COMMA = YES;
				CLANG_WARN_CONSTANT_CONVERSION = YES;
				CLANG_WARN_DEPRECATED_OBJC_IMPLEMENTATIONS = YES;
				CLANG_WARN_DIRECT_OBJC_ISA_USAGE = YES_ERROR;
				CLANG_WARN_DOCUMENTATION_COMMENTS = YES;
				CLANG_WARN_EMPTY_BODY = YES;
				CLANG_WARN_ENUM_CONVERSION = YES;
				CLANG_WARN_INFINITE_RECURSION = YES;
				CLANG_WARN_INT_CONVERSION = YES;
				CLANG_WARN_NON_LITERAL_NULL_CONVERSION = YES;
				CLANG_WARN_OBJC_IMPLICIT_RETAIN_SELF = YES;
				CLANG_WARN_OBJC_LITERAL_CONVERSION = YES;
				CLANG_WARN_OBJC_ROOT_CLASS = YES_ERROR;
				CLANG_WARN_QUOTED_INCLUDE_IN_FRAMEWORK_HEADER = YES;
				CLANG_WARN_RANGE_LOOP_ANALYSIS = YES;
				CLANG_WARN_STRICT_PROTOTYPES = YES;
				CLANG_WARN_SUSPICIOUS_MOVE = YES;
				CLANG_WARN_UNGUARDED_AVAILABILITY = YES_AGGRESSIVE;
				CLANG_WARN_UNREACHABLE_CODE = YES;
				CLANG_WARN__DUPLICATE_METHOD_MATCH = YES;
				COPY_PHASE_STRIP = NO;
				DEAD_CODE_STRIPPING = YES;
				DEBUG_INFORMATION_FORMAT = dwarf;
				ENABLE_STRICT_OBJC_MSGSEND = YES;
				ENABLE_TESTABILITY = YES;
				ENABLE_USER_SCRIPT_SANDBOXING = YES;
				GCC_C_LANGUAGE_STANDARD = gnu11;
				GCC_DYNAMIC_NO_PIC = NO;
				GCC_NO_COMMON_BLOCKS = YES;
				GCC_OPTIMIZATION_LEVEL = 0;
				GCC_PREPROCESSOR_DEFINITIONS = (
					"DEBUG=1",
					"$(inherited)",
				);
				GCC_WARN_64_TO_32_BIT_CONVERSION = YES;
				GCC_WARN_ABOUT_RETURN_TYPE = YES_ERROR;
				GCC_WARN_UNDECLARED_SELECTOR = YES;
				GCC_WARN_UNINITIALIZED_AUTOS = YES_AGGRESSIVE;
				GCC_WARN_UNUSED_FUNCTION = YES;
				GCC_WARN_UNUSED_VARIABLE = YES;
				MTL_ENABLE_DEBUG_INFO = INCLUDE_SOURCE;
				MTL_FAST_MATH = YES;
				ONLY_ACTIVE_ARCH = YES;
				SWIFT_ACTIVE_COMPILATION_CONDITIONS = DEBUG;
				SWIFT_OPTIMIZATION_LEVEL = "-Onone";
			};
			name = Debug;
		};
		617D0048295F8B3E00A7D2A5 /* Release */ = {
			isa = XCBuildConfiguration;
			buildSettings = {
				ALWAYS_SEARCH_USER_PATHS = NO;
				CLANG_ANALYZER_NONNULL = YES;
				CLANG_ANALYZER_NUMBER_OBJECT_CONVERSION = YES_AGGRESSIVE;
				CLANG_CXX_LANGUAGE_STANDARD = "gnu++20";
				CLANG_ENABLE_MODULES = YES;
				CLANG_ENABLE_OBJC_ARC = YES;
				CLANG_ENABLE_OBJC_WEAK = YES;
				CLANG_WARN_BLOCK_CAPTURE_AUTORELEASING = YES;
				CLANG_WARN_BOOL_CONVERSION = YES;
				CLANG_WARN_COMMA = YES;
				CLANG_WARN_CONSTANT_CONVERSION = YES;
				CLANG_WARN_DEPRECATED_OBJC_IMPLEMENTATIONS = YES;
				CLANG_WARN_DIRECT_OBJC_ISA_USAGE = YES_ERROR;
				CLANG_WARN_DOCUMENTATION_COMMENTS = YES;
				CLANG_WARN_EMPTY_BODY = YES;
				CLANG_WARN_ENUM_CONVERSION = YES;
				CLANG_WARN_INFINITE_RECURSION = YES;
				CLANG_WARN_INT_CONVERSION = YES;
				CLANG_WARN_NON_LITERAL_NULL_CONVERSION = YES;
				CLANG_WARN_OBJC_IMPLICIT_RETAIN_SELF = YES;
				CLANG_WARN_OBJC_LITERAL_CONVERSION = YES;
				CLANG_WARN_OBJC_ROOT_CLASS = YES_ERROR;
				CLANG_WARN_QUOTED_INCLUDE_IN_FRAMEWORK_HEADER = YES;
				CLANG_WARN_RANGE_LOOP_ANALYSIS = YES;
				CLANG_WARN_STRICT_PROTOTYPES = YES;
				CLANG_WARN_SUSPICIOUS_MOVE = YES;
				CLANG_WARN_UNGUARDED_AVAILABILITY = YES_AGGRESSIVE;
				CLANG_WARN_UNREACHABLE_CODE = YES;
				CLANG_WARN__DUPLICATE_METHOD_MATCH = YES;
				COPY_PHASE_STRIP = NO;
				DEAD_CODE_STRIPPING = YES;
				DEBUG_INFORMATION_FORMAT = "dwarf-with-dsym";
				ENABLE_NS_ASSERTIONS = NO;
				ENABLE_STRICT_OBJC_MSGSEND = YES;
				ENABLE_USER_SCRIPT_SANDBOXING = YES;
				GCC_C_LANGUAGE_STANDARD = gnu11;
				GCC_NO_COMMON_BLOCKS = YES;
				GCC_WARN_64_TO_32_BIT_CONVERSION = YES;
				GCC_WARN_ABOUT_RETURN_TYPE = YES_ERROR;
				GCC_WARN_UNDECLARED_SELECTOR = YES;
				GCC_WARN_UNINITIALIZED_AUTOS = YES_AGGRESSIVE;
				GCC_WARN_UNUSED_FUNCTION = YES;
				GCC_WARN_UNUSED_VARIABLE = YES;
				MTL_ENABLE_DEBUG_INFO = NO;
				MTL_FAST_MATH = YES;
				SWIFT_COMPILATION_MODE = wholemodule;
				SWIFT_OPTIMIZATION_LEVEL = "-O";
			};
			name = Release;
		};
		617D004A295F8B3E00A7D2A5 /* Debug */ = {
			isa = XCBuildConfiguration;
			buildSettings = {
				ASSETCATALOG_COMPILER_APPICON_NAME = AppIcon;
				ASSETCATALOG_COMPILER_GLOBAL_ACCENT_COLOR_NAME = AccentColor;
				CODE_SIGN_ENTITLEMENTS = Dialogue/Dialogue.entitlements;
				CODE_SIGN_IDENTITY = "Apple Development";
				CODE_SIGN_STYLE = Automatic;
				CURRENT_PROJECT_VERSION = 1;
				DEAD_CODE_STRIPPING = YES;
				DEVELOPMENT_ASSET_PATHS = "\"Dialogue/Preview Content\"";
				DEVELOPMENT_TEAM = B5RQ2EJVKL;
				ENABLE_HARDENED_RUNTIME = YES;
				ENABLE_PREVIEWS = YES;
				GENERATE_INFOPLIST_FILE = YES;
				INFOPLIST_FILE = Dialogue/Info.plist;
				INFOPLIST_KEY_LSApplicationCategoryType = "public.app-category.reference";
				"INFOPLIST_KEY_UIApplicationSceneManifest_Generation[sdk=iphoneos*]" = YES;
				"INFOPLIST_KEY_UIApplicationSceneManifest_Generation[sdk=iphonesimulator*]" = YES;
				"INFOPLIST_KEY_UIApplicationSupportsIndirectInputEvents[sdk=iphoneos*]" = YES;
				"INFOPLIST_KEY_UIApplicationSupportsIndirectInputEvents[sdk=iphonesimulator*]" = YES;
				"INFOPLIST_KEY_UILaunchScreen_Generation[sdk=iphoneos*]" = YES;
				"INFOPLIST_KEY_UILaunchScreen_Generation[sdk=iphonesimulator*]" = YES;
				"INFOPLIST_KEY_UIStatusBarStyle[sdk=iphoneos*]" = UIStatusBarStyleDefault;
				"INFOPLIST_KEY_UIStatusBarStyle[sdk=iphonesimulator*]" = UIStatusBarStyleDefault;
				INFOPLIST_KEY_UISupportedInterfaceOrientations_iPad = "UIInterfaceOrientationPortrait UIInterfaceOrientationPortraitUpsideDown UIInterfaceOrientationLandscapeLeft UIInterfaceOrientationLandscapeRight";
				INFOPLIST_KEY_UISupportedInterfaceOrientations_iPhone = "UIInterfaceOrientationPortrait UIInterfaceOrientationLandscapeLeft UIInterfaceOrientationLandscapeRight";
				IPHONEOS_DEPLOYMENT_TARGET = 16.1;
				LD_RUNPATH_SEARCH_PATHS = "@executable_path/Frameworks";
				"LD_RUNPATH_SEARCH_PATHS[sdk=macosx*]" = "@executable_path/../Frameworks";
				MACOSX_DEPLOYMENT_TARGET = 13.0;
				MARKETING_VERSION = 1.0;
				PRODUCT_BUNDLE_IDENTIFIER = "com.po-gl-a.Dialogue";
				PRODUCT_NAME = "$(TARGET_NAME)";
				PROVISIONING_PROFILE_SPECIFIER = "";
				SDKROOT = auto;
				SUPPORTED_PLATFORMS = "iphoneos iphonesimulator macosx";
				SWIFT_EMIT_LOC_STRINGS = YES;
				SWIFT_VERSION = 5.0;
				TARGETED_DEVICE_FAMILY = "1,2";
			};
			name = Debug;
		};
		617D004B295F8B3E00A7D2A5 /* Release */ = {
			isa = XCBuildConfiguration;
			buildSettings = {
				ASSETCATALOG_COMPILER_APPICON_NAME = AppIcon;
				ASSETCATALOG_COMPILER_GLOBAL_ACCENT_COLOR_NAME = AccentColor;
				CODE_SIGN_ENTITLEMENTS = Dialogue/Dialogue.entitlements;
				CODE_SIGN_IDENTITY = "Apple Development";
				CODE_SIGN_STYLE = Automatic;
				CURRENT_PROJECT_VERSION = 1;
				DEAD_CODE_STRIPPING = YES;
				DEVELOPMENT_ASSET_PATHS = "\"Dialogue/Preview Content\"";
				DEVELOPMENT_TEAM = B5RQ2EJVKL;
				ENABLE_HARDENED_RUNTIME = YES;
				ENABLE_PREVIEWS = YES;
				GENERATE_INFOPLIST_FILE = YES;
				INFOPLIST_FILE = Dialogue/Info.plist;
				INFOPLIST_KEY_LSApplicationCategoryType = "public.app-category.reference";
				"INFOPLIST_KEY_UIApplicationSceneManifest_Generation[sdk=iphoneos*]" = YES;
				"INFOPLIST_KEY_UIApplicationSceneManifest_Generation[sdk=iphonesimulator*]" = YES;
				"INFOPLIST_KEY_UIApplicationSupportsIndirectInputEvents[sdk=iphoneos*]" = YES;
				"INFOPLIST_KEY_UIApplicationSupportsIndirectInputEvents[sdk=iphonesimulator*]" = YES;
				"INFOPLIST_KEY_UILaunchScreen_Generation[sdk=iphoneos*]" = YES;
				"INFOPLIST_KEY_UILaunchScreen_Generation[sdk=iphonesimulator*]" = YES;
				"INFOPLIST_KEY_UIStatusBarStyle[sdk=iphoneos*]" = UIStatusBarStyleDefault;
				"INFOPLIST_KEY_UIStatusBarStyle[sdk=iphonesimulator*]" = UIStatusBarStyleDefault;
				INFOPLIST_KEY_UISupportedInterfaceOrientations_iPad = "UIInterfaceOrientationPortrait UIInterfaceOrientationPortraitUpsideDown UIInterfaceOrientationLandscapeLeft UIInterfaceOrientationLandscapeRight";
				INFOPLIST_KEY_UISupportedInterfaceOrientations_iPhone = "UIInterfaceOrientationPortrait UIInterfaceOrientationLandscapeLeft UIInterfaceOrientationLandscapeRight";
				IPHONEOS_DEPLOYMENT_TARGET = 16.1;
				LD_RUNPATH_SEARCH_PATHS = "@executable_path/Frameworks";
				"LD_RUNPATH_SEARCH_PATHS[sdk=macosx*]" = "@executable_path/../Frameworks";
				MACOSX_DEPLOYMENT_TARGET = 13.0;
				MARKETING_VERSION = 1.0;
				PRODUCT_BUNDLE_IDENTIFIER = "com.po-gl-a.Dialogue";
				PRODUCT_NAME = "$(TARGET_NAME)";
				PROVISIONING_PROFILE_SPECIFIER = "";
				SDKROOT = auto;
				SUPPORTED_PLATFORMS = "iphoneos iphonesimulator macosx";
				SWIFT_EMIT_LOC_STRINGS = YES;
				SWIFT_VERSION = 5.0;
				TARGETED_DEVICE_FAMILY = "1,2";
			};
			name = Release;
		};
		617D004D295F8B3E00A7D2A5 /* Debug */ = {
			isa = XCBuildConfiguration;
			buildSettings = {
				ALWAYS_EMBED_SWIFT_STANDARD_LIBRARIES = YES;
				BUNDLE_LOADER = "$(TEST_HOST)";
				CODE_SIGN_STYLE = Automatic;
				CURRENT_PROJECT_VERSION = 1;
				DEAD_CODE_STRIPPING = YES;
				DEVELOPMENT_TEAM = B5RQ2EJVKL;
				GENERATE_INFOPLIST_FILE = YES;
				IPHONEOS_DEPLOYMENT_TARGET = 16.1;
				MACOSX_DEPLOYMENT_TARGET = 13.0;
				MARKETING_VERSION = 1.0;
				PRODUCT_BUNDLE_IDENTIFIER = "com.po-gl-a.DialogueTests";
				PRODUCT_NAME = "$(TARGET_NAME)";
				SDKROOT = auto;
				SUPPORTED_PLATFORMS = "iphoneos iphonesimulator macosx";
				SWIFT_EMIT_LOC_STRINGS = NO;
				SWIFT_VERSION = 5.0;
				TARGETED_DEVICE_FAMILY = "1,2";
				TEST_HOST = "$(BUILT_PRODUCTS_DIR)/Dialogue.app/$(BUNDLE_EXECUTABLE_FOLDER_PATH)/Dialogue";
			};
			name = Debug;
		};
		617D004E295F8B3E00A7D2A5 /* Release */ = {
			isa = XCBuildConfiguration;
			buildSettings = {
				ALWAYS_EMBED_SWIFT_STANDARD_LIBRARIES = YES;
				BUNDLE_LOADER = "$(TEST_HOST)";
				CODE_SIGN_STYLE = Automatic;
				CURRENT_PROJECT_VERSION = 1;
				DEAD_CODE_STRIPPING = YES;
				DEVELOPMENT_TEAM = B5RQ2EJVKL;
				GENERATE_INFOPLIST_FILE = YES;
				IPHONEOS_DEPLOYMENT_TARGET = 16.1;
				MACOSX_DEPLOYMENT_TARGET = 13.0;
				MARKETING_VERSION = 1.0;
				PRODUCT_BUNDLE_IDENTIFIER = "com.po-gl-a.DialogueTests";
				PRODUCT_NAME = "$(TARGET_NAME)";
				SDKROOT = auto;
				SUPPORTED_PLATFORMS = "iphoneos iphonesimulator macosx";
				SWIFT_EMIT_LOC_STRINGS = NO;
				SWIFT_VERSION = 5.0;
				TARGETED_DEVICE_FAMILY = "1,2";
				TEST_HOST = "$(BUILT_PRODUCTS_DIR)/Dialogue.app/$(BUNDLE_EXECUTABLE_FOLDER_PATH)/Dialogue";
			};
			name = Release;
		};
		617D0050295F8B3E00A7D2A5 /* Debug */ = {
			isa = XCBuildConfiguration;
			buildSettings = {
				ALWAYS_EMBED_SWIFT_STANDARD_LIBRARIES = YES;
				CODE_SIGN_STYLE = Automatic;
				CURRENT_PROJECT_VERSION = 1;
				DEAD_CODE_STRIPPING = YES;
				DEVELOPMENT_TEAM = B5RQ2EJVKL;
				GENERATE_INFOPLIST_FILE = YES;
				IPHONEOS_DEPLOYMENT_TARGET = 16.1;
				MACOSX_DEPLOYMENT_TARGET = 13.0;
				MARKETING_VERSION = 1.0;
				PRODUCT_BUNDLE_IDENTIFIER = "com.po-gl-a.DialogueUITests";
				PRODUCT_NAME = "$(TARGET_NAME)";
				SDKROOT = auto;
				SUPPORTED_PLATFORMS = "iphoneos iphonesimulator macosx";
				SWIFT_EMIT_LOC_STRINGS = NO;
				SWIFT_VERSION = 5.0;
				TARGETED_DEVICE_FAMILY = "1,2";
				TEST_TARGET_NAME = Dialogue;
			};
			name = Debug;
		};
		617D0051295F8B3E00A7D2A5 /* Release */ = {
			isa = XCBuildConfiguration;
			buildSettings = {
				ALWAYS_EMBED_SWIFT_STANDARD_LIBRARIES = YES;
				CODE_SIGN_STYLE = Automatic;
				CURRENT_PROJECT_VERSION = 1;
				DEAD_CODE_STRIPPING = YES;
				DEVELOPMENT_TEAM = B5RQ2EJVKL;
				GENERATE_INFOPLIST_FILE = YES;
				IPHONEOS_DEPLOYMENT_TARGET = 16.1;
				MACOSX_DEPLOYMENT_TARGET = 13.0;
				MARKETING_VERSION = 1.0;
				PRODUCT_BUNDLE_IDENTIFIER = "com.po-gl-a.DialogueUITests";
				PRODUCT_NAME = "$(TARGET_NAME)";
				SDKROOT = auto;
				SUPPORTED_PLATFORMS = "iphoneos iphonesimulator macosx";
				SWIFT_EMIT_LOC_STRINGS = NO;
				SWIFT_VERSION = 5.0;
				TARGETED_DEVICE_FAMILY = "1,2";
				TEST_TARGET_NAME = Dialogue;
			};
			name = Release;
		};
/* End XCBuildConfiguration section */

/* Begin XCConfigurationList section */
		617D001F295F8B3D00A7D2A5 /* Build configuration list for PBXProject "Dialogue" */ = {
			isa = XCConfigurationList;
			buildConfigurations = (
				617D0047295F8B3E00A7D2A5 /* Debug */,
				617D0048295F8B3E00A7D2A5 /* Release */,
			);
			defaultConfigurationIsVisible = 0;
			defaultConfigurationName = Release;
		};
		617D0049295F8B3E00A7D2A5 /* Build configuration list for PBXNativeTarget "Dialogue" */ = {
			isa = XCConfigurationList;
			buildConfigurations = (
				617D004A295F8B3E00A7D2A5 /* Debug */,
				617D004B295F8B3E00A7D2A5 /* Release */,
			);
			defaultConfigurationIsVisible = 0;
			defaultConfigurationName = Release;
		};
		617D004C295F8B3E00A7D2A5 /* Build configuration list for PBXNativeTarget "DialogueTests" */ = {
			isa = XCConfigurationList;
			buildConfigurations = (
				617D004D295F8B3E00A7D2A5 /* Debug */,
				617D004E295F8B3E00A7D2A5 /* Release */,
			);
			defaultConfigurationIsVisible = 0;
			defaultConfigurationName = Release;
		};
		617D004F295F8B3E00A7D2A5 /* Build configuration list for PBXNativeTarget "DialogueUITests" */ = {
			isa = XCConfigurationList;
			buildConfigurations = (
				617D0050295F8B3E00A7D2A5 /* Debug */,
				617D0051295F8B3E00A7D2A5 /* Release */,
			);
			defaultConfigurationIsVisible = 0;
			defaultConfigurationName = Release;
		};
/* End XCConfigurationList section */

/* Begin XCRemoteSwiftPackageReference section */
		6194BFCC299B05D300E667D1 /* XCRemoteSwiftPackageReference "SwiftUI-Introspect" */ = {
			isa = XCRemoteSwiftPackageReference;
			repositoryURL = "https://github.com/siteline/SwiftUI-Introspect.git";
			requirement = {
				kind = upToNextMajorVersion;
				minimumVersion = 0.1.4;
			};
		};
		61EF679429B0C94500C77813 /* XCRemoteSwiftPackageReference "swift-markdown-ui" */ = {
			isa = XCRemoteSwiftPackageReference;
			repositoryURL = "https://github.com/gonzalezreal/swift-markdown-ui.git";
			requirement = {
				kind = upToNextMajorVersion;
				minimumVersion = 2.0.0;
			};
		};
		61EF679729B0CF6600C77813 /* XCRemoteSwiftPackageReference "Splash" */ = {
			isa = XCRemoteSwiftPackageReference;
			repositoryURL = "https://github.com/JohnSundell/Splash.git";
			requirement = {
				kind = upToNextMajorVersion;
				minimumVersion = 0.9.0;
			};
		};
/* End XCRemoteSwiftPackageReference section */

/* Begin XCSwiftPackageProductDependency section */
		6161E5C229D11E2700B0DCF7 /* Splash */ = {
			isa = XCSwiftPackageProductDependency;
			package = 61EF679729B0CF6600C77813 /* XCRemoteSwiftPackageReference "Splash" */;
			productName = Splash;
		};
		6161E5C429D11E2F00B0DCF7 /* Introspect */ = {
			isa = XCSwiftPackageProductDependency;
			package = 6194BFCC299B05D300E667D1 /* XCRemoteSwiftPackageReference "SwiftUI-Introspect" */;
			productName = Introspect;
		};
		6161E5C629D11E3200B0DCF7 /* MarkdownUI */ = {
			isa = XCSwiftPackageProductDependency;
			package = 61EF679429B0C94500C77813 /* XCRemoteSwiftPackageReference "swift-markdown-ui" */;
			productName = MarkdownUI;
		};
		6194BFCD299B05D300E667D1 /* Introspect */ = {
			isa = XCSwiftPackageProductDependency;
			package = 6194BFCC299B05D300E667D1 /* XCRemoteSwiftPackageReference "SwiftUI-Introspect" */;
			productName = Introspect;
		};
		61EF679529B0C94500C77813 /* MarkdownUI */ = {
			isa = XCSwiftPackageProductDependency;
			package = 61EF679429B0C94500C77813 /* XCRemoteSwiftPackageReference "swift-markdown-ui" */;
			productName = MarkdownUI;
		};
		61EF679829B0CF6600C77813 /* Splash */ = {
			isa = XCSwiftPackageProductDependency;
			package = 61EF679729B0CF6600C77813 /* XCRemoteSwiftPackageReference "Splash" */;
			productName = Splash;
		};
		61EF679A29B0CF6600C77813 /* SplashMarkdown */ = {
			isa = XCSwiftPackageProductDependency;
			package = 61EF679729B0CF6600C77813 /* XCRemoteSwiftPackageReference "Splash" */;
			productName = SplashMarkdown;
		};
		61EF679C29B0CF6600C77813 /* SplashTokenizer */ = {
			isa = XCSwiftPackageProductDependency;
			package = 61EF679729B0CF6600C77813 /* XCRemoteSwiftPackageReference "Splash" */;
			productName = SplashTokenizer;
		};
/* End XCSwiftPackageProductDependency section */

/* Begin XCVersionGroup section */
		61F21DE12992377800C3DACC /* Dialogue.xcdatamodeld */ = {
			isa = XCVersionGroup;
			children = (
				61F21DE22992377800C3DACC /* Dialogue.xcdatamodel */,
			);
			currentVersion = 61F21DE22992377800C3DACC /* Dialogue.xcdatamodel */;
			path = Dialogue.xcdatamodeld;
			sourceTree = "<group>";
			versionGroupType = wrapper.xcdatamodel;
		};
/* End XCVersionGroup section */
	};
	rootObject = 617D001C295F8B3D00A7D2A5 /* Project object */;
}
